
Microsoft Visual Studio Solution File, Format Version 12.00
# Visual Studio 14
VisualStudioVersion = 14.0.24720.0
MinimumVisualStudioVersion = 10.0.40219.1
Project("{FAE04EC0-301F-11D3-BF4B-00C04F79EFBC}") = "TextFile", "TextFile\TextFile.csproj", "{E8B0E8C8-E25B-46B9-839A-0DDACF464184}"
EndProject
Project("{FAE04EC0-301F-11D3-BF4B-00C04F79EFBC}") = "Interface", "Interface\Interface.csproj", "{CBE8D4F5-FF13-4630-9BB4-41FA1F0EA666}"
EndProject
Project("{FAE04EC0-301F-11D3-BF4B-00C04F79EFBC}") = "D1", "D1\D1.csproj", "{B34B1646-2284-4BDF-868E-633DE7F30B7B}"
EndProject
Global
	GlobalSection(SolutionConfigurationPlatforms) = preSolution
		Debug|Any CPU = Debug|Any CPU
		Release|Any CPU = Release|Any CPU
	EndGlobalSection
	GlobalSection(ProjectConfigurationPlatforms) = postSolution
		{E8B0E8C8-E25B-46B9-839A-0DDACF464184}.Debug|Any CPU.ActiveCfg = Debug|Any CPU
		{E8B0E8C8-E25B-46B9-839A-0DDACF464184}.Debug|Any CPU.Build.0 = Debug|Any CPU
		{E8B0E8C8-E25B-46B9-839A-0DDACF464184}.Release|Any CPU.ActiveCfg = Release|Any CPU
		{E8B0E8C8-E25B-46B9-839A-0DDACF464184}.Release|Any CPU.Build.0 = Release|Any CPU
		{CBE8D4F5-FF13-4630-9BB4-41FA1F0EA666}.Debug|Any CPU.ActiveCfg = Debug|Any CPU
		{CBE8D4F5-FF13-4630-9BB4-41FA1F0EA666}.Debug|Any CPU.Build.0 = Debug|Any CPU
		{CBE8D4F5-FF13-4630-9BB4-41FA1F0EA666}.Release|Any CPU.ActiveCfg = Release|Any CPU
		{CBE8D4F5-FF13-4630-9BB4-41FA1F0EA666}.Release|Any CPU.Build.0 = Release|Any CPU
		{B34B1646-2284-4BDF-868E-633DE7F30B7B}.Debug|Any CPU.ActiveCfg = Debug|Any CPU
		{B34B1646-2284-4BDF-868E-633DE7F30B7B}.Debug|Any CPU.Build.0 = Debug|Any CPU
		{B34B1646-2284-4BDF-868E-633DE7F30B7B}.Release|Any CPU.ActiveCfg = Release|Any CPU
		{B34B1646-2284-4BDF-868E-633DE7F30B7B}.Release|Any CPU.Build.0 = Release|Any CPU
	EndGlobalSection
	GlobalSection(SolutionProperties) = preSolution
		HideSolutionNode = FALSE
	EndGlobalSection
EndGlobal
